
Microsoft Visual Studio Solution File, Format Version 12.00
# Visual Studio Version 17
VisualStudioVersion = 17.14.36811.4 d17.14
MinimumVisualStudioVersion = 10.0.40219.1
Project("{FAE04EC0-301F-11D3-BF4B-00C04F79EFBC}") = "WpfApp2", "WpfApp2.csproj", "{49727FD5-2F05-4DFC-9E2E-DFFFDE51BA7B}"
EndProject
Global
	GlobalSection(SolutionConfigurationPlatforms) = preSolution
		Debug|Any CPU = Debug|Any CPU
		Release|Any CPU = Release|Any CPU
	EndGlobalSection
	GlobalSection(ProjectConfigurationPlatforms) = postSolution
		{49727FD5-2F05-4DFC-9E2E-DFFFDE51BA7B}.Debug|Any CPU.ActiveCfg = Debug|Any CPU
		{49727FD5-2F05-4DFC-9E2E-DFFFDE51BA7B}.Debug|Any CPU.Build.0 = Debug|Any CPU
		{49727FD5-2F05-4DFC-9E2E-DFFFDE51BA7B}.Release|Any CPU.ActiveCfg = Release|Any CPU
		{49727FD5-2F05-4DFC-9E2E-DFFFDE51BA7B}.Release|Any CPU.Build.0 = Release|Any CPU
	EndGlobalSection
	GlobalSection(SolutionProperties) = preSolution
		HideSolutionNode = FALSE
	EndGlobalSection
	GlobalSection(ExtensibilityGlobals) = postSolution
		SolutionGuid = {71364CED-376A-4918-98F6-00CE878BA70F}
	EndGlobalSection
EndGlobal
