
Microsoft Visual Studio Solution File, Format Version 12.00
# Visual Studio Version 17
VisualStudioVersion = 17.14.36811.4 d17.14
MinimumVisualStudioVersion = 10.0.40219.1
Project("{FAE04EC0-301F-11D3-BF4B-00C04F79EFBC}") = "zalina", "zalina.csproj", "{CEFCFB7D-ECA7-43D5-8E27-FFF08FEE9E2C}"
EndProject
Global
	GlobalSection(SolutionConfigurationPlatforms) = preSolution
		Debug|Any CPU = Debug|Any CPU
		Release|Any CPU = Release|Any CPU
	EndGlobalSection
	GlobalSection(ProjectConfigurationPlatforms) = postSolution
		{CEFCFB7D-ECA7-43D5-8E27-FFF08FEE9E2C}.Debug|Any CPU.ActiveCfg = Debug|Any CPU
		{CEFCFB7D-ECA7-43D5-8E27-FFF08FEE9E2C}.Debug|Any CPU.Build.0 = Debug|Any CPU
		{CEFCFB7D-ECA7-43D5-8E27-FFF08FEE9E2C}.Release|Any CPU.ActiveCfg = Release|Any CPU
		{CEFCFB7D-ECA7-43D5-8E27-FFF08FEE9E2C}.Release|Any CPU.Build.0 = Release|Any CPU
	EndGlobalSection
	GlobalSection(SolutionProperties) = preSolution
		HideSolutionNode = FALSE
	EndGlobalSection
	GlobalSection(ExtensibilityGlobals) = postSolution
		SolutionGuid = {96CE3B7B-B455-4298-9B93-D85B111BAC8D}
	EndGlobalSection
EndGlobal
