
Microsoft Visual Studio Solution File, Format Version 12.00
# Visual Studio Version 17
VisualStudioVersion = 17.14.36915.13 d17.14
MinimumVisualStudioVersion = 10.0.40219.1
Project("{FAE04EC0-301F-11D3-BF4B-00C04F79EFBC}") = "LINQ", "LINQ.csproj", "{B5ED27C9-2801-4E78-9A28-8ECE94F4A8E4}"
EndProject
Global
	GlobalSection(SolutionConfigurationPlatforms) = preSolution
		Debug|Any CPU = Debug|Any CPU
		Release|Any CPU = Release|Any CPU
	EndGlobalSection
	GlobalSection(ProjectConfigurationPlatforms) = postSolution
		{B5ED27C9-2801-4E78-9A28-8ECE94F4A8E4}.Debug|Any CPU.ActiveCfg = Debug|Any CPU
		{B5ED27C9-2801-4E78-9A28-8ECE94F4A8E4}.Debug|Any CPU.Build.0 = Debug|Any CPU
		{B5ED27C9-2801-4E78-9A28-8ECE94F4A8E4}.Release|Any CPU.ActiveCfg = Release|Any CPU
		{B5ED27C9-2801-4E78-9A28-8ECE94F4A8E4}.Release|Any CPU.Build.0 = Release|Any CPU
	EndGlobalSection
	GlobalSection(SolutionProperties) = preSolution
		HideSolutionNode = FALSE
	EndGlobalSection
	GlobalSection(ExtensibilityGlobals) = postSolution
		SolutionGuid = {47AEFCF0-B3DF-4DAA-8742-B5BC350CF72D}
	EndGlobalSection
EndGlobal
